{
  "name": "medium-auto-post",
  "lockfileVersion": 3,
  "requires": true,
  "packages": {
    "": {
      "name": "medium-auto-post",
      "version": "1.0.0",
      "dependencies": {
        "playwright": "^1.46.0"
      }
    },
    "node_modules/playwright": {
      "version": "1.46.0",
      "resolved": "https://registry.npmjs.org/playwright/-/playwright-1.46.0.tgz",
      "integrity": "sha512-QWX0+R5S+Zzqg2R7N4FgVdNk8Zz8XryXJqZAx8ry8PfUZ/pMg1dBzB+jWqNQXruA8WJ0FTp6YFMtPghd5R+pZw==",
      "engines": {
        "node": ">=14"
      },
      "dependencies": {}
    }
  }
}
