{
  "name": "medium-auto-post",
  "version": "1.0.0",
  "lockfileVersion": 3,
  "requires": true,
  "packages": {
    "": {
      "dependencies": {
        "playwright-core": "^1.45.0",
        "fingerprint-generator": "^2.1.9",
        "fingerprint-injector": "^2.1.9",
        "ua-parser-js": "^1.0.37"
      }
    },
    "node_modules/playwright-core": {
      "version": "1.45.0",
      "resolved": "https://registry.npmjs.org/playwright-core/-/playwright-core-1.45.0.tgz",
      "integrity": "sha512-PwSxOawjmvGIZib2z9Q6AbJ3eB2z5R1Ee/KldkL8w7k4EbHy57M5YgO+VzjgJzz8daJ9BUmSSm41N1yvIWh9VQ=="
    },
    "node_modules/fingerprint-generator": {
      "version": "2.1.9",
      "resolved": "https://registry.npmjs.org/fingerprint-generator/-/fingerprint-generator-2.1.9.tgz",
      "integrity": "sha512-yHz4iMTjSkvtqYMC4gmJq77MULyGgZsVYh7aaMqerN2fAdcPp8dEO7Cwk4jl7sNRoQzcq5U7sDN8sq6zqWYAxQ=="
    },
    "node_modules/fingerprint-injector": {
      "version": "2.1.9",
      "resolved": "https://registry.npmjs.org/fingerprint-injector/-/fingerprint-injector-2.1.9.tgz",
      "integrity": "sha512-5qG6L09aW39kc6tXUnR5x0fpj3E5mY76vrGR4TqF8kbl8Q4NJJKCniU0GFmrIcHYZ5rSDMxUwphOBlT83eZBbw=="
    },
    "node_modules/ua-parser-js": {
      "version": "1.0.37",
      "resolved": "https://registry.npmjs.org/ua-parser-js/-/ua-parser-js-1.0.37.tgz",
      "integrity": "sha512-4vC52BmAOv52YtL6Q0OkiQoUQJpC5e9/pvvqUPiZot5myPAsIPsvMAM3cZZK6IOrkJgKQh7W9vl1xh7WfS9rCw=="
    }
  }
}
