{
  "name": "auto-post-playwright",
  "version": "1.0.0",
  "lockfileVersion": 3,
  "requires": true,
  "packages": {
    "": {
      "name": "auto-post-playwright",
      "version": "1.0.0",
      "dependencies": {
        "playwright": "^1.56.1"
      }
    },
    "node_modules/playwright": {
      "version": "1.56.1",
      "resolved": "https://registry.npmjs.org/playwright/-/playwright-1.56.1.tgz",
      "integrity": "sha512-tzc2mFPU0Ry0ZNrrugIuxzYWhyNqjaA+zDTq2x9ep+wBgR+yh48VcP1KDP4+Um/QJZ9lJPt/xSpVtmUTvCb/fA==",
      "license": "Apache-2.0",
      "dependencies": {
        "fsevents": "~2.3.2",
        "playwright-core": "1.56.1"
      },
      "optionalDependencies": {
        "fsevents": "~2.3.2"
      }
    },
    "node_modules/playwright-core": {
      "version": "1.56.1",
      "resolved": "https://registry.npmjs.org/playwright-core/-/playwright-core-1.56.1.tgz",
      "integrity": "sha512-QTqchEo7h/35D3PYVvP+vUd9N+IKB721sN8ZQMo12pgIC8DBVB7iXfYWANngld9P1QJ9gE5TOmSaZQ1DbO2HkQ==",
      "license": "Apache-2.0"
    }
  },
  "dependencies": {
    "playwright": {
      "version": "1.56.1",
      "requires": {
        "playwright-core": "1.56.1"
      }
    },
    "playwright-core": {
      "version": "1.56.1"
    }
  }
}
